
Microsoft Visual Studio Solution File, Format Version 12.00
# Visual Studio 2012
Project("{FAE04EC0-301F-11D3-BF4B-00C04F79EFBC}") = "AdbKeyboard", "AdbKeyboard\AdbKeyboard.csproj", "{ED6B281D-84D3-409E-9A0B-08A1CC7D4D15}"
EndProject
Global
	GlobalSection(SolutionConfigurationPlatforms) = preSolution
		Debug|Any CPU = Debug|Any CPU
		Release|Any CPU = Release|Any CPU
	EndGlobalSection
	GlobalSection(ProjectConfigurationPlatforms) = postSolution
		{ED6B281D-84D3-409E-9A0B-08A1CC7D4D15}.Debug|Any CPU.ActiveCfg = Debug|Any CPU
		{ED6B281D-84D3-409E-9A0B-08A1CC7D4D15}.Debug|Any CPU.Build.0 = Debug|Any CPU
		{ED6B281D-84D3-409E-9A0B-08A1CC7D4D15}.Release|Any CPU.ActiveCfg = Release|Any CPU
		{ED6B281D-84D3-409E-9A0B-08A1CC7D4D15}.Release|Any CPU.Build.0 = Release|Any CPU
	EndGlobalSection
	GlobalSection(SolutionProperties) = preSolution
		HideSolutionNode = FALSE
	EndGlobalSection
EndGlobal
